
Microsoft Visual Studio Solution File, Format Version 12.00
# Visual Studio Version 17
VisualStudioVersion = 17.8.34330.188
MinimumVisualStudioVersion = 10.0.40219.1
Project("{FAE04EC0-301F-11D3-BF4B-00C04F79EFBC}") = "ApiWebLichSu", "ApiWebLichSu\ApiWebLichSu.csproj", "{77305217-49AA-4C6A-97DE-A4A7A0A5EDBA}"
EndProject
Global
	GlobalSection(SolutionConfigurationPlatforms) = preSolution
		Debug|Any CPU = Debug|Any CPU
		Release|Any CPU = Release|Any CPU
	EndGlobalSection
	GlobalSection(ProjectConfigurationPlatforms) = postSolution
		{77305217-49AA-4C6A-97DE-A4A7A0A5EDBA}.Debug|Any CPU.ActiveCfg = Debug|Any CPU
		{77305217-49AA-4C6A-97DE-A4A7A0A5EDBA}.Debug|Any CPU.Build.0 = Debug|Any CPU
		{77305217-49AA-4C6A-97DE-A4A7A0A5EDBA}.Release|Any CPU.ActiveCfg = Release|Any CPU
		{77305217-49AA-4C6A-97DE-A4A7A0A5EDBA}.Release|Any CPU.Build.0 = Release|Any CPU
	EndGlobalSection
	GlobalSection(SolutionProperties) = preSolution
		HideSolutionNode = FALSE
	EndGlobalSection
	GlobalSection(ExtensibilityGlobals) = postSolution
		SolutionGuid = {A56EC8B6-07F7-4004-B43E-D533811585CC}
	EndGlobalSection
EndGlobal
